
Microsoft Visual Studio Solution File, Format Version 12.00
# Visual Studio 2015
Project("{FAE04EC0-301F-11D3-BF4B-00C04F79EFBC}") = "resourcesPack", "resourcesPack.csproj", "{A1F5C5E9-F30C-0D39-20B5-A68B23FCBEDA}"
EndProject
Project("{FAE04EC0-301F-11D3-BF4B-00C04F79EFBC}") = "resourcesPack.Editor", "resourcesPack.Editor.csproj", "{2ED321A1-8AA9-96A9-EC6F-49064422AF5A}"
EndProject
Global
	GlobalSection(SolutionConfigurationPlatforms) = preSolution
		Debug|Any CPU = Debug|Any CPU
		Release|Any CPU = Release|Any CPU
	EndGlobalSection
	GlobalSection(ProjectConfigurationPlatforms) = postSolution
		{A1F5C5E9-F30C-0D39-20B5-A68B23FCBEDA}.Debug|Any CPU.ActiveCfg = Debug|Any CPU
		{A1F5C5E9-F30C-0D39-20B5-A68B23FCBEDA}.Debug|Any CPU.Build.0 = Debug|Any CPU
		{A1F5C5E9-F30C-0D39-20B5-A68B23FCBEDA}.Release|Any CPU.ActiveCfg = Release|Any CPU
		{A1F5C5E9-F30C-0D39-20B5-A68B23FCBEDA}.Release|Any CPU.Build.0 = Release|Any CPU
		{2ED321A1-8AA9-96A9-EC6F-49064422AF5A}.Debug|Any CPU.ActiveCfg = Debug|Any CPU
		{2ED321A1-8AA9-96A9-EC6F-49064422AF5A}.Debug|Any CPU.Build.0 = Debug|Any CPU
		{2ED321A1-8AA9-96A9-EC6F-49064422AF5A}.Release|Any CPU.ActiveCfg = Release|Any CPU
		{2ED321A1-8AA9-96A9-EC6F-49064422AF5A}.Release|Any CPU.Build.0 = Release|Any CPU
	EndGlobalSection
	GlobalSection(SolutionProperties) = preSolution
		HideSolutionNode = FALSE
	EndGlobalSection
EndGlobal
